
Microsoft Visual Studio Solution File, Format Version 12.00
# Visual Studio Version 16
VisualStudioVersion = 16.0.29418.71
MinimumVisualStudioVersion = 15.0.26124.0
Project("{9A19103F-16F7-4668-BE54-9A1E7A4F7556}") = "webrew-dotnet", "Webrew.Client\webrew-dotnet.csproj", "{3FE5CC26-FC4B-4764-BBF2-A1525B653D1B}"
EndProject
Project("{9A19103F-16F7-4668-BE54-9A1E7A4F7556}") = "Webrew.Data", "Webrew.Data\Webrew.Data.csproj", "{4D97ABA0-C9F6-43EF-80DB-C634F595D84B}"
EndProject
Project("{9A19103F-16F7-4668-BE54-9A1E7A4F7556}") = "Webrew.Managers", "Webrew.Managers\Webrew.Managers.csproj", "{78629A53-3804-4240-ABB4-C255358185AD}"
EndProject
Project("{9A19103F-16F7-4668-BE54-9A1E7A4F7556}") = "Webrew.Common", "Webrew.Interfaces\Webrew.Common.csproj", "{0335DB61-E047-416E-960C-5831FBB1823E}"
EndProject
Project("{FAE04EC0-301F-11D3-BF4B-00C04F79EFBC}") = "Webrew.Managers.Tests", "Webrew.Tests\Webrew.Managers.Tests.csproj", "{2CBBF0D9-0709-4F37-B464-23A29CB5D970}"
EndProject
Global
	GlobalSection(SolutionConfigurationPlatforms) = preSolution
		Debug|Any CPU = Debug|Any CPU
		Debug|x64 = Debug|x64
		Debug|x86 = Debug|x86
		Release|Any CPU = Release|Any CPU
		Release|x64 = Release|x64
		Release|x86 = Release|x86
	EndGlobalSection
	GlobalSection(ProjectConfigurationPlatforms) = postSolution
		{3FE5CC26-FC4B-4764-BBF2-A1525B653D1B}.Debug|Any CPU.ActiveCfg = Debug|Any CPU
		{3FE5CC26-FC4B-4764-BBF2-A1525B653D1B}.Debug|Any CPU.Build.0 = Debug|Any CPU
		{3FE5CC26-FC4B-4764-BBF2-A1525B653D1B}.Debug|x64.ActiveCfg = Debug|Any CPU
		{3FE5CC26-FC4B-4764-BBF2-A1525B653D1B}.Debug|x64.Build.0 = Debug|Any CPU
		{3FE5CC26-FC4B-4764-BBF2-A1525B653D1B}.Debug|x86.ActiveCfg = Debug|Any CPU
		{3FE5CC26-FC4B-4764-BBF2-A1525B653D1B}.Debug|x86.Build.0 = Debug|Any CPU
		{3FE5CC26-FC4B-4764-BBF2-A1525B653D1B}.Release|Any CPU.ActiveCfg = Release|Any CPU
		{3FE5CC26-FC4B-4764-BBF2-A1525B653D1B}.Release|Any CPU.Build.0 = Release|Any CPU
		{3FE5CC26-FC4B-4764-BBF2-A1525B653D1B}.Release|x64.ActiveCfg = Release|Any CPU
		{3FE5CC26-FC4B-4764-BBF2-A1525B653D1B}.Release|x64.Build.0 = Release|Any CPU
		{3FE5CC26-FC4B-4764-BBF2-A1525B653D1B}.Release|x86.ActiveCfg = Release|Any CPU
		{3FE5CC26-FC4B-4764-BBF2-A1525B653D1B}.Release|x86.Build.0 = Release|Any CPU
		{4D97ABA0-C9F6-43EF-80DB-C634F595D84B}.Debug|Any CPU.ActiveCfg = Debug|Any CPU
		{4D97ABA0-C9F6-43EF-80DB-C634F595D84B}.Debug|Any CPU.Build.0 = Debug|Any CPU
		{4D97ABA0-C9F6-43EF-80DB-C634F595D84B}.Debug|x64.ActiveCfg = Debug|Any CPU
		{4D97ABA0-C9F6-43EF-80DB-C634F595D84B}.Debug|x64.Build.0 = Debug|Any CPU
		{4D97ABA0-C9F6-43EF-80DB-C634F595D84B}.Debug|x86.ActiveCfg = Debug|Any CPU
		{4D97ABA0-C9F6-43EF-80DB-C634F595D84B}.Debug|x86.Build.0 = Debug|Any CPU
		{4D97ABA0-C9F6-43EF-80DB-C634F595D84B}.Release|Any CPU.ActiveCfg = Release|Any CPU
		{4D97ABA0-C9F6-43EF-80DB-C634F595D84B}.Release|Any CPU.Build.0 = Release|Any CPU
		{4D97ABA0-C9F6-43EF-80DB-C634F595D84B}.Release|x64.ActiveCfg = Release|Any CPU
		{4D97ABA0-C9F6-43EF-80DB-C634F595D84B}.Release|x64.Build.0 = Release|Any CPU
		{4D97ABA0-C9F6-43EF-80DB-C634F595D84B}.Release|x86.ActiveCfg = Release|Any CPU
		{4D97ABA0-C9F6-43EF-80DB-C634F595D84B}.Release|x86.Build.0 = Release|Any CPU
		{78629A53-3804-4240-ABB4-C255358185AD}.Debug|Any CPU.ActiveCfg = Debug|Any CPU
		{78629A53-3804-4240-ABB4-C255358185AD}.Debug|Any CPU.Build.0 = Debug|Any CPU
		{78629A53-3804-4240-ABB4-C255358185AD}.Debug|x64.ActiveCfg = Debug|Any CPU
		{78629A53-3804-4240-ABB4-C255358185AD}.Debug|x64.Build.0 = Debug|Any CPU
		{78629A53-3804-4240-ABB4-C255358185AD}.Debug|x86.ActiveCfg = Debug|Any CPU
		{78629A53-3804-4240-ABB4-C255358185AD}.Debug|x86.Build.0 = Debug|Any CPU
		{78629A53-3804-4240-ABB4-C255358185AD}.Release|Any CPU.ActiveCfg = Release|Any CPU
		{78629A53-3804-4240-ABB4-C255358185AD}.Release|Any CPU.Build.0 = Release|Any CPU
		{78629A53-3804-4240-ABB4-C255358185AD}.Release|x64.ActiveCfg = Release|Any CPU
		{78629A53-3804-4240-ABB4-C255358185AD}.Release|x64.Build.0 = Release|Any CPU
		{78629A53-3804-4240-ABB4-C255358185AD}.Release|x86.ActiveCfg = Release|Any CPU
		{78629A53-3804-4240-ABB4-C255358185AD}.Release|x86.Build.0 = Release|Any CPU
		{0335DB61-E047-416E-960C-5831FBB1823E}.Debug|Any CPU.ActiveCfg = Debug|Any CPU
		{0335DB61-E047-416E-960C-5831FBB1823E}.Debug|Any CPU.Build.0 = Debug|Any CPU
		{0335DB61-E047-416E-960C-5831FBB1823E}.Debug|x64.ActiveCfg = Debug|Any CPU
		{0335DB61-E047-416E-960C-5831FBB1823E}.Debug|x64.Build.0 = Debug|Any CPU
		{0335DB61-E047-416E-960C-5831FBB1823E}.Debug|x86.ActiveCfg = Debug|Any CPU
		{0335DB61-E047-416E-960C-5831FBB1823E}.Debug|x86.Build.0 = Debug|Any CPU
		{0335DB61-E047-416E-960C-5831FBB1823E}.Release|Any CPU.ActiveCfg = Release|Any CPU
		{0335DB61-E047-416E-960C-5831FBB1823E}.Release|Any CPU.Build.0 = Release|Any CPU
		{0335DB61-E047-416E-960C-5831FBB1823E}.Release|x64.ActiveCfg = Release|Any CPU
		{0335DB61-E047-416E-960C-5831FBB1823E}.Release|x64.Build.0 = Release|Any CPU
		{0335DB61-E047-416E-960C-5831FBB1823E}.Release|x86.ActiveCfg = Release|Any CPU
		{0335DB61-E047-416E-960C-5831FBB1823E}.Release|x86.Build.0 = Release|Any CPU
		{2CBBF0D9-0709-4F37-B464-23A29CB5D970}.Debug|Any CPU.ActiveCfg = Debug|Any CPU
		{2CBBF0D9-0709-4F37-B464-23A29CB5D970}.Debug|Any CPU.Build.0 = Debug|Any CPU
		{2CBBF0D9-0709-4F37-B464-23A29CB5D970}.Debug|x64.ActiveCfg = Debug|Any CPU
		{2CBBF0D9-0709-4F37-B464-23A29CB5D970}.Debug|x64.Build.0 = Debug|Any CPU
		{2CBBF0D9-0709-4F37-B464-23A29CB5D970}.Debug|x86.ActiveCfg = Debug|Any CPU
		{2CBBF0D9-0709-4F37-B464-23A29CB5D970}.Debug|x86.Build.0 = Debug|Any CPU
		{2CBBF0D9-0709-4F37-B464-23A29CB5D970}.Release|Any CPU.ActiveCfg = Release|Any CPU
		{2CBBF0D9-0709-4F37-B464-23A29CB5D970}.Release|Any CPU.Build.0 = Release|Any CPU
		{2CBBF0D9-0709-4F37-B464-23A29CB5D970}.Release|x64.ActiveCfg = Release|Any CPU
		{2CBBF0D9-0709-4F37-B464-23A29CB5D970}.Release|x64.Build.0 = Release|Any CPU
		{2CBBF0D9-0709-4F37-B464-23A29CB5D970}.Release|x86.ActiveCfg = Release|Any CPU
		{2CBBF0D9-0709-4F37-B464-23A29CB5D970}.Release|x86.Build.0 = Release|Any CPU
	EndGlobalSection
	GlobalSection(SolutionProperties) = preSolution
		HideSolutionNode = FALSE
	EndGlobalSection
	GlobalSection(ExtensibilityGlobals) = postSolution
		SolutionGuid = {F4E5044B-A782-4F42-B130-DEFFC435C710}
	EndGlobalSection
EndGlobal
